{
  "nodes": {
    "cachix": {
      "locked": {
        "lastModified": 1639130158,
        "narHash": "sha256-/5a/7J3AE5ATzB3HdFZ9C9VlPbUK5bIGsRX7veSujXA=",
        "owner": "nixos",
        "repo": "nixpkgs",
        "rev": "3b422991781220853035dbe353ba8b7cb279b6b3",
        "type": "github"
      },
      "original": {
        "owner": "nixos",
        "ref": "nixos-21.05",
        "repo": "nixpkgs",
        "type": "github"
      }
    },
    "dotnix": {
      "locked": {
        "lastModified": 1641352900,
        "narHash": "sha256-o9KNah8d7Vvx9PDYh8c7EvSC/zSuDjOTS0XFP3VPpa0=",
        "ref": "main",
        "rev": "4c9fd4329b0896c6c5cb2b3d8f0d0e48fa00be59",
        "revCount": 29,
        "type": "git",
        "url": "file:///etc/nixos/external/dotnix"
      },
      "original": {
        "type": "git",
        "url": "file:///etc/nixos/external/dotnix"
      }
    },
    "home-manager": {
      "inputs": {
        "nixpkgs": [
          "nixpkgs"
        ]
      },
      "locked": {
        "lastModified": 1640943848,
        "narHash": "sha256-AXmbspe5EXTr2WsGdtBhFgKtGvzMmPBgqOanFvQq974=",
        "owner": "nix-community",
        "repo": "home-manager",
        "rev": "89bdef7994a20b5285454bf42c7d2b53b98d5754",
        "type": "github"
      },
      "original": {
        "owner": "nix-community",
        "ref": "master",
        "repo": "home-manager",
        "type": "github"
      }
    },
    "nix-ld": {
      "inputs": {
        "nixpkgs": [
          "nixpkgs"
        ],
        "utils": "utils"
      },
      "locked": {
        "lastModified": 1637574694,
        "narHash": "sha256-UHYvqGnsU4h5/Kt3gbiRbaMcN7hJ8u7ey8t4qO8maUI=",
        "owner": "Mic92",
        "repo": "nix-ld",
        "rev": "6faa38511602d9c1c5ae44eaa0fc531e4b657576",
        "type": "github"
      },
      "original": {
        "owner": "Mic92",
        "ref": "main",
        "repo": "nix-ld",
        "type": "github"
      }
    },
    "nixpkgs": {
      "locked": {
        "lastModified": 1641001086,
        "narHash": "sha256-x7rPcddHVIfNwOF1XoMjaOTbGti0xhl/p4Yl3wqePg0=",
        "owner": "NixOS",
        "repo": "nixpkgs",
        "rev": "ef74e6aa01b205e927965cd441f9417cb6579a7c",
        "type": "github"
      },
      "original": {
        "owner": "NixOS",
        "ref": "master",
        "repo": "nixpkgs",
        "type": "github"
      }
    },
    "root": {
      "inputs": {
        "dotnix": "dotnix",
        "home-manager": "home-manager",
        "nix-ld": "nix-ld",
        "nixpkgs": "nixpkgs",
        "wayland": "wayland"
      }
    },
    "utils": {
      "locked": {
        "lastModified": 1610051610,
        "narHash": "sha256-U9rPz/usA1/Aohhk7Cmc2gBrEEKRzcW4nwPWMPwja4Y=",
        "owner": "numtide",
        "repo": "flake-utils",
        "rev": "3982c9903e93927c2164caa727cd3f6a0e6d14cc",
        "type": "github"
      },
      "original": {
        "owner": "numtide",
        "repo": "flake-utils",
        "type": "github"
      }
    },
    "wayland": {
      "inputs": {
        "cachix": "cachix",
        "nixpkgs": [
          "nixpkgs"
        ]
      },
      "locked": {
        "lastModified": 1639463568,
        "narHash": "sha256-ju+ATEeek0s/7FGsK4ZvBUgL2E4pOFS8Tkh+V5KGyLI=",
        "owner": "nix-community",
        "repo": "nixpkgs-wayland",
        "rev": "e903d71039c1b341b5732c402f29358f5418948c",
        "type": "github"
      },
      "original": {
        "owner": "nix-community",
        "repo": "nixpkgs-wayland",
        "rev": "e903d71039c1b341b5732c402f29358f5418948c",
        "type": "github"
      }
    }
  },
  "root": "root",
  "version": 7
}
